
Microsoft Visual Studio Solution File, Format Version 12.00
# Visual Studio Version 17
VisualStudioVersion = 17.6.33723.286
MinimumVisualStudioVersion = 10.0.40219.1
Project("{FAE04EC0-301F-11D3-BF4B-00C04F79EFBC}") = "TaskManager", "TaskManager.csproj", "{F93D6EEF-C3F3-4583-A981-B3A350F4A763}"
EndProject
Global
	GlobalSection(SolutionConfigurationPlatforms) = preSolution
		Debug|Any CPU = Debug|Any CPU
		Release|Any CPU = Release|Any CPU
	EndGlobalSection
	GlobalSection(ProjectConfigurationPlatforms) = postSolution
		{F93D6EEF-C3F3-4583-A981-B3A350F4A763}.Debug|Any CPU.ActiveCfg = Debug|Any CPU
		{F93D6EEF-C3F3-4583-A981-B3A350F4A763}.Debug|Any CPU.Build.0 = Debug|Any CPU
		{F93D6EEF-C3F3-4583-A981-B3A350F4A763}.Release|Any CPU.ActiveCfg = Release|Any CPU
		{F93D6EEF-C3F3-4583-A981-B3A350F4A763}.Release|Any CPU.Build.0 = Release|Any CPU
	EndGlobalSection
	GlobalSection(SolutionProperties) = preSolution
		HideSolutionNode = FALSE
	EndGlobalSection
	GlobalSection(ExtensibilityGlobals) = postSolution
		SolutionGuid = {DB684B27-EF26-4718-BDE5-1561A24D3E30}
	EndGlobalSection
EndGlobal
